
Microsoft Visual Studio Solution File, Format Version 12.00
# Visual Studio Version 17
VisualStudioVersion = 17.5.002.0
MinimumVisualStudioVersion = 10.0.40219.1
Project("{9A19103F-16F7-4668-BE54-9A1E7A4F7556}") = "Console_Based_Stopwatch", "Console_Based_Stopwatch.csproj", "{DB157B58-C252-4A0D-876B-54C3038577DF}"
EndProject
Global
	GlobalSection(SolutionConfigurationPlatforms) = preSolution
		Debug|Any CPU = Debug|Any CPU
		Release|Any CPU = Release|Any CPU
	EndGlobalSection
	GlobalSection(ProjectConfigurationPlatforms) = postSolution
		{DB157B58-C252-4A0D-876B-54C3038577DF}.Debug|Any CPU.ActiveCfg = Debug|Any CPU
		{DB157B58-C252-4A0D-876B-54C3038577DF}.Debug|Any CPU.Build.0 = Debug|Any CPU
		{DB157B58-C252-4A0D-876B-54C3038577DF}.Release|Any CPU.ActiveCfg = Release|Any CPU
		{DB157B58-C252-4A0D-876B-54C3038577DF}.Release|Any CPU.Build.0 = Release|Any CPU
	EndGlobalSection
	GlobalSection(SolutionProperties) = preSolution
		HideSolutionNode = FALSE
	EndGlobalSection
	GlobalSection(ExtensibilityGlobals) = postSolution
		SolutionGuid = {F89A8778-F374-4839-81FB-4977F4762EF3}
	EndGlobalSection
EndGlobal
